lockfile_version: '1'
apm_version: 0.31.0
dependencies:
- repo_url: microsoft/skills-for-fabric
  name: skills-for-fabric
  host: github.com
  resolved_commit: 65bfb5eb2c488cd03183df88f76ac3de65dcb910
  resolved_ref: v0.3.17
  version: 0.3.17
  package_type: skill_bundle
  deployed_files:
  - .agents/skills/semantic-model-authoring
  - .agents/skills/semantic-model-authoring/SKILL.md
  - .agents/skills/semantic-model-authoring/apm.yml
  - .agents/skills/semantic-model-authoring/references/connection-binding.md
  - .agents/skills/semantic-model-authoring/references/dax-guidelines.md
  - .agents/skills/semantic-model-authoring/references/dax-perf-decision-guide.md
  - .agents/skills/semantic-model-authoring/references/dax-perf-patterns.md
  - .agents/skills/semantic-model-authoring/references/direct-lake-guidelines.md
  - .agents/skills/semantic-model-authoring/references/field-parameters.md
  - .agents/skills/semantic-model-authoring/references/metadata-discovery.md
  - .agents/skills/semantic-model-authoring/references/modeling-guidelines.md
  - .agents/skills/semantic-model-authoring/references/naming-conventions.md
  - .agents/skills/semantic-model-authoring/references/pbip.md
  - .agents/skills/semantic-model-authoring/references/semantic-model-ai-readiness.md
  - .agents/skills/semantic-model-authoring/references/semantic-model-rest-api.md
  - .agents/skills/semantic-model-authoring/references/tmdl-guidelines.md
  deployed_file_hashes:
    .agents/skills/semantic-model-authoring/SKILL.md: sha256:14e38125862a5892634250b9c2619303811415acb27a0348c2a563ba8b804c80
    .agents/skills/semantic-model-authoring/apm.yml: sha256:5869fbcf9cc0ceb68b73c2f726c823614ede0513efafcd9b43ddf157b3816f34
    .agents/skills/semantic-model-authoring/references/connection-binding.md: sha256:f46fdda2ff62da2efe2835a840474328c2a3a107d50db1d58fa966c628cde1b7
    .agents/skills/semantic-model-authoring/references/dax-guidelines.md: sha256:9c1645f1b2aaf6088b239c5015ca2b6c5133d01914035dbe83fcf784012dd5de
    .agents/skills/semantic-model-authoring/references/dax-perf-decision-guide.md: sha256:13a23d4cf4b3083b80502e15f6a8b589dddcdc30d8ca05a6d23421d7c1af4042
    .agents/skills/semantic-model-authoring/references/dax-perf-patterns.md: sha256:270d87a24e375d117679c32535a05e75ea887f1f15377648b816659909503451
    .agents/skills/semantic-model-authoring/references/direct-lake-guidelines.md: sha256:022d51a2dac429e50e6359ca6ab73b625c0bf1fae0b34c4d92cd2a7c75568885
    .agents/skills/semantic-model-authoring/references/field-parameters.md: sha256:2977410b5a9ee6176c96d2ba3237ba07ffdac93d2c7503833ea1cfeefdee730d
    .agents/skills/semantic-model-authoring/references/metadata-discovery.md: sha256:cf57d3073f6624c5f18342cac44a61ee65be473b3e3f38a46db4bf6aed894f87
    .agents/skills/semantic-model-authoring/references/modeling-guidelines.md: sha256:798aadc21662fde470713019868e345b39f838b4cf8f9ba5ada854e228b2a45c
    .agents/skills/semantic-model-authoring/references/naming-conventions.md: sha256:b64c4e5abf90e03257926c8350952e9fda36a854ff13903e70ebf397dcebe019
    .agents/skills/semantic-model-authoring/references/pbip.md: sha256:005d5feab1864ac4fed3f2a92c2fbf5f45f7549d612b0793d8ec90be9df1c740
    .agents/skills/semantic-model-authoring/references/semantic-model-ai-readiness.md: sha256:f1d654f29e305f8db8384a322cc868d772145e184b8a41dc99ee8288f7f98cb5
    .agents/skills/semantic-model-authoring/references/semantic-model-rest-api.md: sha256:2f78bbff73424de24cfa269137858013d2fab022eb4c2544811e7edbb2e99993
    .agents/skills/semantic-model-authoring/references/tmdl-guidelines.md: sha256:d2d07210308b1b22b24c797f3cc63d576dacd282b346d116eef8423c65ccc1b5
  content_hash: sha256:9b12222210646e499657147243c8313e610968dfeaefc04f54589aaab74afc38
  skill_subset:
  - semantic-model-authoring
  declared_license: MIT
deployments:
- kind: project-relative
  target: copilot
  value: .agents/skills/semantic-model-authoring
  runtime: null
  scope: project
  owners:
  - microsoft/skills-for-fabric
  active_owner: microsoft/skills-for-fabric
  content_hash: null
- kind: project-relative
  target: copilot
  value: .agents/skills/semantic-model-authoring/SKILL.md
  runtime: null
  scope: project
  owners:
  - microsoft/skills-for-fabric
  active_owner: microsoft/skills-for-fabric
  content_hash: sha256:14e38125862a5892634250b9c2619303811415acb27a0348c2a563ba8b804c80
- kind: project-relative
  target: copilot
  value: .agents/skills/semantic-model-authoring/apm.yml
  runtime: null
  scope: project
  owners:
  - microsoft/skills-for-fabric
  active_owner: microsoft/skills-for-fabric
  content_hash: sha256:5869fbcf9cc0ceb68b73c2f726c823614ede0513efafcd9b43ddf157b3816f34
- kind: project-relative
  target: copilot
  value: .agents/skills/semantic-model-authoring/references/connection-binding.md
  runtime: null
  scope: project
  owners:
  - microsoft/skills-for-fabric
  active_owner: microsoft/skills-for-fabric
  content_hash: sha256:f46fdda2ff62da2efe2835a840474328c2a3a107d50db1d58fa966c628cde1b7
- kind: project-relative
  target: copilot
  value: .agents/skills/semantic-model-authoring/references/dax-guidelines.md
  runtime: null
  scope: project
  owners:
  - microsoft/skills-for-fabric
  active_owner: microsoft/skills-for-fabric
  content_hash: sha256:9c1645f1b2aaf6088b239c5015ca2b6c5133d01914035dbe83fcf784012dd5de
- kind: project-relative
  target: copilot
  value: .agents/skills/semantic-model-authoring/references/dax-perf-decision-guide.md
  runtime: null
  scope: project
  owners:
  - microsoft/skills-for-fabric
  active_owner: microsoft/skills-for-fabric
  content_hash: sha256:13a23d4cf4b3083b80502e15f6a8b589dddcdc30d8ca05a6d23421d7c1af4042
- kind: project-relative
  target: copilot
  value: .agents/skills/semantic-model-authoring/references/dax-perf-patterns.md
  runtime: null
  scope: project
  owners:
  - microsoft/skills-for-fabric
  active_owner: microsoft/skills-for-fabric
  content_hash: sha256:270d87a24e375d117679c32535a05e75ea887f1f15377648b816659909503451
- kind: project-relative
  target: copilot
  value: .agents/skills/semantic-model-authoring/references/direct-lake-guidelines.md
  runtime: null
  scope: project
  owners:
  - microsoft/skills-for-fabric
  active_owner: microsoft/skills-for-fabric
  content_hash: sha256:022d51a2dac429e50e6359ca6ab73b625c0bf1fae0b34c4d92cd2a7c75568885
- kind: project-relative
  target: copilot
  value: .agents/skills/semantic-model-authoring/references/field-parameters.md
  runtime: null
  scope: project
  owners:
  - microsoft/skills-for-fabric
  active_owner: microsoft/skills-for-fabric
  content_hash: sha256:2977410b5a9ee6176c96d2ba3237ba07ffdac93d2c7503833ea1cfeefdee730d
- kind: project-relative
  target: copilot
  value: .agents/skills/semantic-model-authoring/references/metadata-discovery.md
  runtime: null
  scope: project
  owners:
  - microsoft/skills-for-fabric
  active_owner: microsoft/skills-for-fabric
  content_hash: sha256:cf57d3073f6624c5f18342cac44a61ee65be473b3e3f38a46db4bf6aed894f87
- kind: project-relative
  target: copilot
  value: .agents/skills/semantic-model-authoring/references/modeling-guidelines.md
  runtime: null
  scope: project
  owners:
  - microsoft/skills-for-fabric
  active_owner: microsoft/skills-for-fabric
  content_hash: sha256:798aadc21662fde470713019868e345b39f838b4cf8f9ba5ada854e228b2a45c
- kind: project-relative
  target: copilot
  value: .agents/skills/semantic-model-authoring/references/naming-conventions.md
  runtime: null
  scope: project
  owners:
  - microsoft/skills-for-fabric
  active_owner: microsoft/skills-for-fabric
  content_hash: sha256:b64c4e5abf90e03257926c8350952e9fda36a854ff13903e70ebf397dcebe019
- kind: project-relative
  target: copilot
  value: .agents/skills/semantic-model-authoring/references/pbip.md
  runtime: null
  scope: project
  owners:
  - microsoft/skills-for-fabric
  active_owner: microsoft/skills-for-fabric
  content_hash: sha256:005d5feab1864ac4fed3f2a92c2fbf5f45f7549d612b0793d8ec90be9df1c740
- kind: project-relative
  target: copilot
  value: .agents/skills/semantic-model-authoring/references/semantic-model-ai-readiness.md
  runtime: null
  scope: project
  owners:
  - microsoft/skills-for-fabric
  active_owner: microsoft/skills-for-fabric
  content_hash: sha256:f1d654f29e305f8db8384a322cc868d772145e184b8a41dc99ee8288f7f98cb5
- kind: project-relative
  target: copilot
  value: .agents/skills/semantic-model-authoring/references/semantic-model-rest-api.md
  runtime: null
  scope: project
  owners:
  - microsoft/skills-for-fabric
  active_owner: microsoft/skills-for-fabric
  content_hash: sha256:2f78bbff73424de24cfa269137858013d2fab022eb4c2544811e7edbb2e99993
- kind: project-relative
  target: copilot
  value: .agents/skills/semantic-model-authoring/references/tmdl-guidelines.md
  runtime: null
  scope: project
  owners:
  - microsoft/skills-for-fabric
  active_owner: microsoft/skills-for-fabric
  content_hash: sha256:d2d07210308b1b22b24c797f3cc63d576dacd282b346d116eef8423c65ccc1b5
